Microsoft Visual Studio Solution File, Format Version 12.00
# Visual Studio Version 17
VisualStudioVersion = 17.5.2.0
MinimumVisualStudioVersion = 10.0.40219.1
Project("{FAE04EC0-301F-11D3-BF4B-00C04F79EFBC}") = "Fase4_Cap7_WebserviceASP.NET", "Fase4_Cap7_WebserviceASP.NET.csproj", "{8CEDBC43-AD38-7C5F-5872-C300285F80CF}"
EndProject
Global
	GlobalSection(SolutionConfigurationPlatforms) = preSolution
		Debug|Any CPU = Debug|Any CPU
		Release|Any CPU = Release|Any CPU
	EndGlobalSection
	GlobalSection(ProjectConfigurationPlatforms) = postSolution
		{8CEDBC43-AD38-7C5F-5872-C300285F80CF}.Debug|Any CPU.ActiveCfg = Debug|Any CPU
		{8CEDBC43-AD38-7C5F-5872-C300285F80CF}.Debug|Any CPU.Build.0 = Debug|Any CPU
		{8CEDBC43-AD38-7C5F-5872-C300285F80CF}.Release|Any CPU.ActiveCfg = Release|Any CPU
		{8CEDBC43-AD38-7C5F-5872-C300285F80CF}.Release|Any CPU.Build.0 = Release|Any CPU
	EndGlobalSection
	GlobalSection(SolutionProperties) = preSolution
		HideSolutionNode = FALSE
	EndGlobalSection
	GlobalSection(ExtensibilityGlobals) = postSolution
		SolutionGuid = {E74898DB-9291-46D5-9FF9-EC5F07F78FFF}
	EndGlobalSection
EndGlobal
